
Microsoft Visual Studio Solution File, Format Version 12.00
# Visual Studio Version 17
VisualStudioVersion = 17.11.35222.181
MinimumVisualStudioVersion = 10.0.40219.1
Project("{FAE04EC0-301F-11D3-BF4B-00C04F79EFBC}") = "MadLibs", "MadLIbs\MadLibs.csproj", "{DB16467B-DA24-44BE-B9A1-AC2B1428EFAA}"
EndProject
Global
	GlobalSection(SolutionConfigurationPlatforms) = preSolution
		Debug|Any CPU = Debug|Any CPU
		Release|Any CPU = Release|Any CPU
	EndGlobalSection
	GlobalSection(ProjectConfigurationPlatforms) = postSolution
		{DB16467B-DA24-44BE-B9A1-AC2B1428EFAA}.Debug|Any CPU.ActiveCfg = Debug|Any CPU
		{DB16467B-DA24-44BE-B9A1-AC2B1428EFAA}.Debug|Any CPU.Build.0 = Debug|Any CPU
		{DB16467B-DA24-44BE-B9A1-AC2B1428EFAA}.Release|Any CPU.ActiveCfg = Release|Any CPU
		{DB16467B-DA24-44BE-B9A1-AC2B1428EFAA}.Release|Any CPU.Build.0 = Release|Any CPU
	EndGlobalSection
	GlobalSection(SolutionProperties) = preSolution
		HideSolutionNode = FALSE
	EndGlobalSection
	GlobalSection(ExtensibilityGlobals) = postSolution
		SolutionGuid = {92201FFB-3EF0-4555-9C74-D2E88F7ED503}
	EndGlobalSection
EndGlobal
